{
  "name": "aci-create-action",
  "version": "0.0.1",
  "lockfileVersion": 1,
  "requires": true,
  "dependencies": {
    "@actions/core": {
      "version": "1.2.6",
      "resolved": "https://registry.npmjs.org/@actions/core/-/core-1.2.6.tgz",
      "integrity": "sha512-ZQYitnqiyBc3D+k7LsgSBmMDVkOVidaagDG7j3fOym77jNunWRuYx7VSHa9GNfFZh+zh61xsCjRj4JxMZlDqTA=="
    },
    "@actions/exec": {
      "version": "1.0.3",
      "resolved": "https://registry.npmjs.org/@actions/exec/-/exec-1.0.3.tgz",
      "integrity": "sha512-TogJGnueOmM7ntCi0ASTUj4LapRRtDfj57Ja4IhPmg2fls28uVOPbAn8N+JifaOumN2UG3oEO/Ixek2A4NcYSA==",
      "requires": {
        "@actions/io": "^1.0.1"
      }
    },
    "@actions/io": {
      "version": "1.0.2",
      "resolved": "https://registry.npmjs.org/@actions/io/-/io-1.0.2.tgz",
      "integrity": "sha512-J8KuFqVPr3p6U8W93DOXlXW6zFvrQAJANdS+vw0YhusLIq+bszW8zmK2Fh1C2kDPX8FMvwIl1OUcFgvJoXLbAg=="
    },
    "@azure/abort-controller": {
      "version": "1.1.0",
      "resolved": "https://registry.npmjs.org/@azure/abort-controller/-/abort-controller-1.1.0.tgz",
      "integrity": "sha512-TrRLIoSQVzfAJX9H1JeFjzAoDGcoK1IYX1UImfceTZpsyYfWr09Ss1aHW1y5TrrR3iq6RZLBwJ3E24uwPhwahw==",
      "requires": {
        "tslib": "^2.2.0"
      }
    },
    "@azure/arm-containerinstance": {
      "version": "8.0.0",
      "resolved": "https://registry.npmjs.org/@azure/arm-containerinstance/-/arm-containerinstance-8.0.0.tgz",
      "integrity": "sha512-GqAW5q3rLwhbsHeYDPhha/VleavTfI70KERcYGR3senN1SC6CKolpkCfY+mnUoa1+G3FuNsvJQd1E4gQ3UxJ3Q==",
      "requires": {
        "@azure/abort-controller": "^1.0.0",
        "@azure/core-auth": "^1.3.0",
        "@azure/core-client": "^1.0.0",
        "@azure/core-lro": "^2.2.0",
        "@azure/core-paging": "^1.2.0",
        "@azure/core-rest-pipeline": "^1.1.0",
        "tslib": "^2.2.0"
      }
    },
    "@azure/core-auth": {
      "version": "1.7.0",
      "resolved": "https://registry.npmjs.org/@azure/core-auth/-/core-auth-1.7.0.tgz",
      "integrity": "sha512-OuDVn9z2LjyYbpu6e7crEwSipa62jX7/ObV/pmXQfnOG8cHwm363jYtg3FSX3GB1V7jsIKri1zgq7mfXkFk/qw==",
      "requires": {
        "@azure/abort-controller": "^2.0.0",
        "@azure/core-util": "^1.1.0",
        "tslib": "^2.6.2"
      },
      "dependencies": {
        "@azure/abort-controller": {
          "version": "2.1.0",
          "resolved": "https://registry.npmjs.org/@azure/abort-controller/-/abort-controller-2.1.0.tgz",
          "integrity": "sha512-SYtcG13aiV7znycu6plCClWUzD9BBtfnsbIxT89nkkRvQRB4n0kuZyJJvJ7hqdKOn7x7YoGKZ9lVStLJpLnOFw==",
          "requires": {
            "tslib": "^2.6.2"
          }
        }
      }
    },
    "@azure/core-client": {
      "version": "1.9.0",
      "resolved": "https://registry.npmjs.org/@azure/core-client/-/core-client-1.9.0.tgz",
      "integrity": "sha512-x50SSD7bbG5wen3tMDI2oWVSAjt1K1xw6JZSnc6239RmBwqLJF9dPsKsh9w0Rzh5+mGpsu9FDu3DlsT0lo1+Uw==",
      "requires": {
        "@azure/abort-controller": "^2.0.0",
        "@azure/core-auth": "^1.4.0",
        "@azure/core-rest-pipeline": "^1.9.1",
        "@azure/core-tracing": "^1.0.0",
        "@azure/core-util": "^1.6.1",
        "@azure/logger": "^1.0.0",
        "tslib": "^2.6.2"
      },
      "dependencies": {
        "@azure/abort-controller": {
          "version": "2.1.0",
          "resolved": "https://registry.npmjs.org/@azure/abort-controller/-/abort-controller-2.1.0.tgz",
          "integrity": "sha512-SYtcG13aiV7znycu6plCClWUzD9BBtfnsbIxT89nkkRvQRB4n0kuZyJJvJ7hqdKOn7x7YoGKZ9lVStLJpLnOFw==",
          "requires": {
            "tslib": "^2.6.2"
          }
        }
      }
    },
    "@azure/core-lro": {
      "version": "2.7.0",
      "resolved": "https://registry.npmjs.org/@azure/core-lro/-/core-lro-2.7.0.tgz",
      "integrity": "sha512-oj7d8vWEvOREIByH1+BnoiFwszzdE7OXUEd6UTv+cmx5HvjBBlkVezm3uZgpXWaxDj5ATL/k89+UMeGx1Ou9TQ==",
      "requires": {
        "@azure/abort-controller": "^2.0.0",
        "@azure/core-util": "^1.2.0",
        "@azure/logger": "^1.0.0",
        "tslib": "^2.6.2"
      },
      "dependencies": {
        "@azure/abort-controller": {
          "version": "2.1.0",
          "resolved": "https://registry.npmjs.org/@azure/abort-controller/-/abort-controller-2.1.0.tgz",
          "integrity": "sha512-SYtcG13aiV7znycu6plCClWUzD9BBtfnsbIxT89nkkRvQRB4n0kuZyJJvJ7hqdKOn7x7YoGKZ9lVStLJpLnOFw==",
          "requires": {
            "tslib": "^2.6.2"
          }
        }
      }
    },
    "@azure/core-paging": {
      "version": "1.6.0",
      "resolved": "https://registry.npmjs.org/@azure/core-paging/-/core-paging-1.6.0.tgz",
      "integrity": "sha512-W8eRv7MVFx/jbbYfcRT5+pGnZ9St/P1UvOi+63vxPwuQ3y+xj+wqWTGxpkXUETv3szsqGu0msdxVtjszCeB4zA==",
      "requires": {
        "tslib": "^2.6.2"
      }
    },
    "@azure/core-rest-pipeline": {
      "version": "1.15.0",
      "resolved": "https://registry.npmjs.org/@azure/core-rest-pipeline/-/core-rest-pipeline-1.15.0.tgz",
      "integrity": "sha512-6kBQwE75ZVlOjBbp0/PX0fgNLHxoMDxHe3aIPV/RLVwrIDidxTbsHtkSbPNTkheMset3v9s1Z08XuMNpWRK/7w==",
      "requires": {
        "@azure/abort-controller": "^2.0.0",
        "@azure/core-auth": "^1.4.0",
        "@azure/core-tracing": "^1.0.1",
        "@azure/core-util": "^1.3.0",
        "@azure/logger": "^1.0.0",
        "http-proxy-agent": "^7.0.0",
        "https-proxy-agent": "^7.0.0",
        "tslib": "^2.6.2"
      },
      "dependencies": {
        "@azure/abort-controller": {
          "version": "2.1.0",
          "resolved": "https://registry.npmjs.org/@azure/abort-controller/-/abort-controller-2.1.0.tgz",
          "integrity": "sha512-SYtcG13aiV7znycu6plCClWUzD9BBtfnsbIxT89nkkRvQRB4n0kuZyJJvJ7hqdKOn7x7YoGKZ9lVStLJpLnOFw==",
          "requires": {
            "tslib": "^2.6.2"
          }
        }
      }
    },
    "@azure/core-tracing": {
      "version": "1.1.0",
      "resolved": "https://registry.npmjs.org/@azure/core-tracing/-/core-tracing-1.1.0.tgz",
      "integrity": "sha512-MVeJvGHB4jmF7PeHhyr72vYJsBJ3ff1piHikMgRaabPAC4P3rxhf9fm42I+DixLysBunskJWhsDQD2A+O+plkQ==",
      "requires": {
        "tslib": "^2.6.2"
      }
    },
    "@azure/core-util": {
      "version": "1.8.0",
      "resolved": "https://registry.npmjs.org/@azure/core-util/-/core-util-1.8.0.tgz",
      "integrity": "sha512-w8NrGnrlGDF7fj36PBnJhGXDK2Y3kpTOgL7Ksb5snEHXq/3EAbKYOp1yqme0yWCUlSDq5rjqvxSBAJmsqYac3w==",
      "requires": {
        "@azure/abort-controller": "^2.0.0",
        "tslib": "^2.6.2"
      },
      "dependencies": {
        "@azure/abort-controller": {
          "version": "2.1.0",
          "resolved": "https://registry.npmjs.org/@azure/abort-controller/-/abort-controller-2.1.0.tgz",
          "integrity": "sha512-SYtcG13aiV7znycu6plCClWUzD9BBtfnsbIxT89nkkRvQRB4n0kuZyJJvJ7hqdKOn7x7YoGKZ9lVStLJpLnOFw==",
          "requires": {
            "tslib": "^2.6.2"
          }
        }
      }
    },
    "@azure/logger": {
      "version": "1.1.0",
      "resolved": "https://registry.npmjs.org/@azure/logger/-/logger-1.1.0.tgz",
      "integrity": "sha512-BnfkfzVEsrgbVCtqq0RYRMePSH2lL/cgUUR5sYRF4yNN10zJZq/cODz0r89k3ykY83MqeM3twR292a3YBNgC3w==",
      "requires": {
        "tslib": "^2.6.2"
      }
    },
    "@types/node": {
      "version": "13.5.2",
      "resolved": "https://registry.npmjs.org/@types/node/-/node-13.5.2.tgz",
      "integrity": "sha512-Fr6a47c84PRLfd7M7u3/hEknyUdQrrBA6VoPmkze0tcflhU5UnpWEX2kn12ktA/lb+MNHSqFlSiPHIHsaErTPA==",
      "dev": true
    },
    "@types/q": {
      "version": "1.5.2",
      "resolved": "https://registry.npmjs.org/@types/q/-/q-1.5.2.tgz",
      "integrity": "sha512-ce5d3q03Ex0sy4R14722Rmt6MT07Ua+k4FwDfdcToYJcMKNtRVQvJ6JCAPdAmAnbRb6CsX6aYb9m96NGod9uTw=="
    },
    "agent-base": {
      "version": "7.1.0",
      "resolved": "https://registry.npmjs.org/agent-base/-/agent-base-7.1.0.tgz",
      "integrity": "sha512-o/zjMZRhJxny7OyEF+Op8X+efiELC7k7yOjMzgfzVqOzXqkBkWI79YoTdOtsuWd5BWhAGAuOY/Xa6xpiaWXiNg==",
      "requires": {
        "debug": "^4.3.4"
      }
    },
    "azure-actions-webclient": {
      "version": "1.0.10",
      "resolved": "https://registry.npmjs.org/azure-actions-webclient/-/azure-actions-webclient-1.0.10.tgz",
      "integrity": "sha512-5MJ6ls5XzzB903L3yLCekx+SDoTr8MbGw6EoDBOodwuIrKMpjbGTIUOI6nRkWvQayKxOEwTZ6Y+qECOknlXA9Q==",
      "requires": {
        "@actions/core": "^1.1.3",
        "@actions/exec": "^1.0.1",
        "@actions/io": "^1.0.1",
        "fs": "0.0.1-security",
        "q": "^1.5.1",
        "querystring": "^0.2.0",
        "typed-rest-client": "^1.5.0",
        "util": "^0.12.1"
      }
    },
    "debug": {
      "version": "4.3.4",
      "resolved": "https://registry.npmjs.org/debug/-/debug-4.3.4.tgz",
      "integrity": "sha512-PRWFHuSU3eDtQJPvnNY7Jcket1j0t5OuOsFzPPzsekD52Zl8qUfFIPEiswXqIvHWGVHOgX+7G/vCNNhehwxfkQ==",
      "requires": {
        "ms": "2.1.2"
      }
    },
    "define-properties": {
      "version": "1.1.3",
      "resolved": "https://registry.npmjs.org/define-properties/-/define-properties-1.1.3.tgz",
      "integrity": "sha512-3MqfYKj2lLzdMSf8ZIZE/V+Zuy+BgD6f164e8K2w7dgnpKArBDerGYpM46IYYcjnkdPNMjPk9A6VFB8+3SKlXQ==",
      "requires": {
        "object-keys": "^1.0.12"
      }
    },
    "es-abstract": {
      "version": "1.17.4",
      "resolved": "https://registry.npmjs.org/es-abstract/-/es-abstract-1.17.4.tgz",
      "integrity": "sha512-Ae3um/gb8F0mui/jPL+QiqmglkUsaQf7FwBEHYIFkztkneosu9imhqHpBzQ3h1vit8t5iQ74t6PEVvphBZiuiQ==",
      "requires": {
        "es-to-primitive": "^1.2.1",
        "function-bind": "^1.1.1",
        "has": "^1.0.3",
        "has-symbols": "^1.0.1",
        "is-callable": "^1.1.5",
        "is-regex": "^1.0.5",
        "object-inspect": "^1.7.0",
        "object-keys": "^1.1.1",
        "object.assign": "^4.1.0",
        "string.prototype.trimleft": "^2.1.1",
        "string.prototype.trimright": "^2.1.1"
      }
    },
    "es-to-primitive": {
      "version": "1.2.1",
      "resolved": "https://registry.npmjs.org/es-to-primitive/-/es-to-primitive-1.2.1.tgz",
      "integrity": "sha512-QCOllgZJtaUo9miYBcLChTUaHNjJF3PYs1VidD7AwiEj1kYxKeQTctLAezAOH5ZKRH0g2IgPn6KwB4IT8iRpvA==",
      "requires": {
        "is-callable": "^1.1.4",
        "is-date-object": "^1.0.1",
        "is-symbol": "^1.0.2"
      }
    },
    "fs": {
      "version": "0.0.1-security",
      "resolved": "https://registry.npmjs.org/fs/-/fs-0.0.1-security.tgz",
      "integrity": "sha1-invTcYa23d84E/I4WLV+yq9eQdQ="
    },
    "function-bind": {
      "version": "1.1.1",
      "resolved": "https://registry.npmjs.org/function-bind/-/function-bind-1.1.1.tgz",
      "integrity": "sha512-yIovAzMX49sF8Yl58fSCWJ5svSLuaibPxXQJFLmBObTuCr0Mf1KiPopGM9NiFjiYBCbfaa2Fh6breQ6ANVTI0A=="
    },
    "has": {
      "version": "1.0.3",
      "resolved": "https://registry.npmjs.org/has/-/has-1.0.3.tgz",
      "integrity": "sha512-f2dvO0VU6Oej7RkWJGrehjbzMAjFp5/VKPp5tTpWIV4JHHZK1/BxbFRtf/siA2SWTe09caDmVtYYzWEIbBS4zw==",
      "requires": {
        "function-bind": "^1.1.1"
      }
    },
    "has-symbols": {
      "version": "1.0.1",
      "resolved": "https://registry.npmjs.org/has-symbols/-/has-symbols-1.0.1.tgz",
      "integrity": "sha512-PLcsoqu++dmEIZB+6totNFKq/7Do+Z0u4oT0zKOJNl3lYK6vGwwu2hjHs+68OEZbTjiUE9bgOABXbP/GvrS0Kg=="
    },
    "http-proxy-agent": {
      "version": "7.0.2",
      "resolved": "https://registry.npmjs.org/http-proxy-agent/-/http-proxy-agent-7.0.2.tgz",
      "integrity": "sha512-T1gkAiYYDWYx3V5Bmyu7HcfcvL7mUrTWiM6yOfa3PIphViJ/gFPbvidQ+veqSOHci/PxBcDabeUNCzpOODJZig==",
      "requires": {
        "agent-base": "^7.1.0",
        "debug": "^4.3.4"
      }
    },
    "https-proxy-agent": {
      "version": "7.0.4",
      "resolved": "https://registry.npmjs.org/https-proxy-agent/-/https-proxy-agent-7.0.4.tgz",
      "integrity": "sha512-wlwpilI7YdjSkWaQ/7omYBMTliDcmCN8OLihO6I9B86g06lMyAoqgoDpV0XqoaPOKj+0DIdAvnsWfyAAhmimcg==",
      "requires": {
        "agent-base": "^7.0.2",
        "debug": "4"
      }
    },
    "inherits": {
      "version": "2.0.4",
      "resolved": "https://registry.npmjs.org/inherits/-/inherits-2.0.4.tgz",
      "integrity": "sha512-k/vGaX4/Yla3WzyMCvTQOXYeIHvqOKtnqBduzTHpzpQZzAskKMhZ2K+EnBiSM9zGSoIFeMpXKxa4dYeZIQqewQ=="
    },
    "is-arguments": {
      "version": "1.0.4",
      "resolved": "https://registry.npmjs.org/is-arguments/-/is-arguments-1.0.4.tgz",
      "integrity": "sha512-xPh0Rmt8NE65sNzvyUmWgI1tz3mKq74lGA0mL8LYZcoIzKOzDh6HmrYm3d18k60nHerC8A9Km8kYu87zfSFnLA=="
    },
    "is-callable": {
      "version": "1.1.5",
      "resolved": "https://registry.npmjs.org/is-callable/-/is-callable-1.1.5.tgz",
      "integrity": "sha512-ESKv5sMCJB2jnHTWZ3O5itG+O128Hsus4K4Qh1h2/cgn2vbgnLSVqfV46AeJA9D5EeeLa9w81KUXMtn34zhX+Q=="
    },
    "is-date-object": {
      "version": "1.0.2",
      "resolved": "https://registry.npmjs.org/is-date-object/-/is-date-object-1.0.2.tgz",
      "integrity": "sha512-USlDT524woQ08aoZFzh3/Z6ch9Y/EWXEHQ/AaRN0SkKq4t2Jw2R2339tSXmwuVoY7LLlBCbOIlx2myP/L5zk0g=="
    },
    "is-generator-function": {
      "version": "1.0.7",
      "resolved": "https://registry.npmjs.org/is-generator-function/-/is-generator-function-1.0.7.tgz",
      "integrity": "sha512-YZc5EwyO4f2kWCax7oegfuSr9mFz1ZvieNYBEjmukLxgXfBUbxAWGVF7GZf0zidYtoBl3WvC07YK0wT76a+Rtw=="
    },
    "is-regex": {
      "version": "1.0.5",
      "resolved": "https://registry.npmjs.org/is-regex/-/is-regex-1.0.5.tgz",
      "integrity": "sha512-vlKW17SNq44owv5AQR3Cq0bQPEb8+kF3UKZ2fiZNOWtztYE5i0CzCZxFDwO58qAOWtxdBRVO/V5Qin1wjCqFYQ==",
      "requires": {
        "has": "^1.0.3"
      }
    },
    "is-symbol": {
      "version": "1.0.3",
      "resolved": "https://registry.npmjs.org/is-symbol/-/is-symbol-1.0.3.tgz",
      "integrity": "sha512-OwijhaRSgqvhm/0ZdAcXNZt9lYdKFpcRDT5ULUuYXPoT794UNOdU+gpT6Rzo7b4V2HUl/op6GqY894AZwv9faQ==",
      "requires": {
        "has-symbols": "^1.0.1"
      }
    },
    "ms": {
      "version": "2.1.2",
      "resolved": "https://registry.npmjs.org/ms/-/ms-2.1.2.tgz",
      "integrity": "sha512-sGkPx+VjMtmA6MX27oA4FBFELFCZZ4S4XqeGOXCv68tT+jb3vk/RyaKWP0PTKyWtmLSM0b+adUTEvbs1PEaH2w=="
    },
    "object-inspect": {
      "version": "1.7.0",
      "resolved": "https://registry.npmjs.org/object-inspect/-/object-inspect-1.7.0.tgz",
      "integrity": "sha512-a7pEHdh1xKIAgTySUGgLMx/xwDZskN1Ud6egYYN3EdRW4ZMPNEDUTF+hwy2LUC+Bl+SyLXANnwz/jyh/qutKUw=="
    },
    "object-keys": {
      "version": "1.1.1",
      "resolved": "https://registry.npmjs.org/object-keys/-/object-keys-1.1.1.tgz",
      "integrity": "sha512-NuAESUOUMrlIXOfHKzD6bpPu3tYt3xvjNdRIQ+FeT0lNb4K8WR70CaDxhuNguS2XG+GjkyMwOzsN5ZktImfhLA=="
    },
    "object.assign": {
      "version": "4.1.0",
      "resolved": "https://registry.npmjs.org/object.assign/-/object.assign-4.1.0.tgz",
      "integrity": "sha512-exHJeq6kBKj58mqGyTQ9DFvrZC/eR6OwxzoM9YRoGBqrXYonaFyGiFMuc9VZrXf7DarreEwMpurG3dd+CNyW5w==",
      "requires": {
        "define-properties": "^1.1.2",
        "function-bind": "^1.1.1",
        "has-symbols": "^1.0.0",
        "object-keys": "^1.0.11"
      }
    },
    "object.entries": {
      "version": "1.1.1",
      "resolved": "https://registry.npmjs.org/object.entries/-/object.entries-1.1.1.tgz",
      "integrity": "sha512-ilqR7BgdyZetJutmDPfXCDffGa0/Yzl2ivVNpbx/g4UeWrCdRnFDUBrKJGLhGieRHDATnyZXWBeCb29k9CJysQ==",
      "requires": {
        "define-properties": "^1.1.3",
        "es-abstract": "^1.17.0-next.1",
        "function-bind": "^1.1.1",
        "has": "^1.0.3"
      }
    },
    "q": {
      "version": "1.5.1",
      "resolved": "https://registry.npmjs.org/q/-/q-1.5.1.tgz",
      "integrity": "sha1-fjL3W0E4EpHQRhHxvxQQmsAGUdc="
    },
    "qs": {
      "version": "6.9.1",
      "resolved": "https://registry.npmjs.org/qs/-/qs-6.9.1.tgz",
      "integrity": "sha512-Cxm7/SS/y/Z3MHWSxXb8lIFqgqBowP5JMlTUFyJN88y0SGQhVmZnqFK/PeuMX9LzUyWsqqhNxIyg0jlzq946yA=="
    },
    "querystring": {
      "version": "0.2.0",
      "resolved": "https://registry.npmjs.org/querystring/-/querystring-0.2.0.tgz",
      "integrity": "sha1-sgmEkgO7Jd+CDadW50cAWHhSFiA="
    },
    "safe-buffer": {
      "version": "5.2.0",
      "resolved": "https://registry.npmjs.org/safe-buffer/-/safe-buffer-5.2.0.tgz",
      "integrity": "sha512-fZEwUGbVl7kouZs1jCdMLdt95hdIv0ZeHg6L7qPeciMZhZ+/gdesW4wgTARkrFWEpspjEATAzUGPG8N2jJiwbg=="
    },
    "string.prototype.trimleft": {
      "version": "2.1.1",
      "resolved": "https://registry.npmjs.org/string.prototype.trimleft/-/string.prototype.trimleft-2.1.1.tgz",
      "integrity": "sha512-iu2AGd3PuP5Rp7x2kEZCrB2Nf41ehzh+goo8TV7z8/XDBbsvc6HQIlUl9RjkZ4oyrW1XM5UwlGl1oVEaDjg6Ag==",
      "requires": {
        "define-properties": "^1.1.3",
        "function-bind": "^1.1.1"
      }
    },
    "string.prototype.trimright": {
      "version": "2.1.1",
      "resolved": "https://registry.npmjs.org/string.prototype.trimright/-/string.prototype.trimright-2.1.1.tgz",
      "integrity": "sha512-qFvWL3/+QIgZXVmJBfpHmxLB7xsUXz6HsUmP8+5dRaC3Q7oKUv9Vo6aMCRZC1smrtyECFsIT30PqBJ1gTjAs+g==",
      "requires": {
        "define-properties": "^1.1.3",
        "function-bind": "^1.1.1"
      }
    },
    "tslib": {
      "version": "2.6.2",
      "resolved": "https://registry.npmjs.org/tslib/-/tslib-2.6.2.tgz",
      "integrity": "sha512-AEYxH93jGFPn/a2iVAwW87VuUIkR1FVUKB77NwMF7nBTDkDrrT/Hpt/IrCJ0QXhW27jTBDcf5ZY7w6RiqTMw2Q=="
    },
    "typed-rest-client": {
      "version": "1.7.1",
      "resolved": "https://registry.npmjs.org/typed-rest-client/-/typed-rest-client-1.7.1.tgz",
      "integrity": "sha512-fZRDWFtUp3J2E0jOiCJYZ9LDrYZHpjY95su//ekqXERS7C1qojP6movh7M4JGURJnBuTVsO0g2N4vEoW5o3Djw==",
      "requires": {
        "qs": "^6.9.1",
        "tunnel": "0.0.4",
        "underscore": "1.8.3"
      },
      "dependencies": {
        "tunnel": {
          "version": "0.0.4",
          "resolved": "https://registry.npmjs.org/tunnel/-/tunnel-0.0.4.tgz",
          "integrity": "sha1-LTeFoVjBdMmhbcLARuxfxfF0IhM="
        }
      }
    },
    "typescript": {
      "version": "3.7.5",
      "resolved": "https://registry.npmjs.org/typescript/-/typescript-3.7.5.tgz",
      "integrity": "sha512-/P5lkRXkWHNAbcJIiHPfRoKqyd7bsyCma1hZNUGfn20qm64T6ZBlrzprymeu918H+mB/0rIg2gGK/BXkhhYgBw==",
      "dev": true
    },
    "underscore": {
      "version": "1.8.3",
      "resolved": "https://registry.npmjs.org/underscore/-/underscore-1.8.3.tgz",
      "integrity": "sha1-Tz+1OxBuYJf8+ctBCfKl6b36UCI="
    },
    "util": {
      "version": "0.12.1",
      "resolved": "https://registry.npmjs.org/util/-/util-0.12.1.tgz",
      "integrity": "sha512-MREAtYOp+GTt9/+kwf00IYoHZyjM8VU4aVrkzUlejyqaIjd2GztVl5V9hGXKlvBKE3gENn/FMfHE5v6hElXGcQ==",
      "requires": {
        "inherits": "^2.0.3",
        "is-arguments": "^1.0.4",
        "is-generator-function": "^1.0.7",
        "object.entries": "^1.1.0",
        "safe-buffer": "^5.1.2"
      }
    }
  }
}
